{
  "projects": [
    {
      "projectId": "kS7YGZfVr6mU43XDQjXELc",
      "version": "0.16.0",
      "dependencies": {},
      "lang": "js",
      "fileLocks": [
        {
          "assetId": "kS7YGZfVr6mU43XDQjXELc",
          "type": "projectCss",
          "checksum": "e1ec850476829c38b0f9b6d4f7ac446a"
        }
      ],
      "codegenVersion": "0.0.1"
    },
    {
      "projectId": "9Vr5YWkf3w7jj6SsTcCEta",
      "version": "0.11.0",
      "dependencies": {},
      "lang": "js",
      "fileLocks": [
        {
          "assetId": "9Vr5YWkf3w7jj6SsTcCEta",
          "type": "projectCss",
          "checksum": "e1ec850476829c38b0f9b6d4f7ac446a"
        }
      ],
      "codegenVersion": "0.0.1"
    },
    {
      "projectId": "jkU633o1Cz7HrJdwdxhVHk",
      "version": "16.11.0",
      "dependencies": {},
      "lang": "js",
      "fileLocks": [
        {
          "assetId": "jkU633o1Cz7HrJdwdxhVHk",
          "type": "projectCss",
          "checksum": "0581d4378bb1604bb5fe3f65bb0a37de"
        }
      ],
      "codegenVersion": "0.0.1"
    },
    {
      "projectId": "ohDidvG9XsCeFumugENU3J",
      "version": "6.26.0",
      "dependencies": {},
      "lang": "js",
      "fileLocks": [
        {
          "assetId": "ohDidvG9XsCeFumugENU3J",
          "type": "projectCss",
          "checksum": "fd83b730367fdbde2c69bc6cf31c2a3c"
        },
        {
          "assetId": "ohDidvG9XsCeFumugENU3J",
          "checksum": "de0a0e65174a6a185a8f822af51c6bdd",
          "type": "globalContexts"
        }
      ],
      "codegenVersion": "0.0.1"
    },
    {
      "projectId": "ecRpuAnYy4nftFeWhJKmXt",
      "version": "latest",
      "dependencies": {
        "ohDidvG9XsCeFumugENU3J": "6.26.0",
        "jkU633o1Cz7HrJdwdxhVHk": "16.11.0",
        "9Vr5YWkf3w7jj6SsTcCEta": "0.11.0",
        "kS7YGZfVr6mU43XDQjXELc": "0.16.0"
      },
      "lang": "js",
      "fileLocks": [
        {
          "type": "globalVariant",
          "assetId": "6wjHx4LTkSFU",
          "checksum": "023440fdf3c0576d656ab3935c50feb1"
        },
        {
          "assetId": "ecRpuAnYy4nftFeWhJKmXt",
          "type": "projectCss",
          "checksum": "cff750fd8d40204ea26a00b52cb0bd0c"
        },
        {
          "assetId": "ecRpuAnYy4nftFeWhJKmXt",
          "checksum": "2b3f30486608e665e864dd8ff3c221bd",
          "type": "globalContexts"
        },
        {
          "type": "renderModule",
          "assetId": "UJa0cuh9vWH_",
          "checksum": "6026566102a9cebded6eb62d73a09097"
        },
        {
          "type": "cssRules",
          "assetId": "UJa0cuh9vWH_",
          "checksum": "6026566102a9cebded6eb62d73a09097"
        },
        {
          "type": "renderModule",
          "assetId": "IzMlfHGyHpm3",
          "checksum": "6752db3f1053c9ce1caf3d57ab73c04e"
        },
        {
          "type": "cssRules",
          "assetId": "IzMlfHGyHpm3",
          "checksum": "6752db3f1053c9ce1caf3d57ab73c04e"
        },
        {
          "type": "renderModule",
          "assetId": "nH1BxDDFpqfi",
          "checksum": "23d381972b4e59d15ae5c6b21e2acb9c"
        },
        {
          "type": "cssRules",
          "assetId": "nH1BxDDFpqfi",
          "checksum": "23d381972b4e59d15ae5c6b21e2acb9c"
        },
        {
          "type": "renderModule",
          "assetId": "WvJy5Ry8nBMv",
          "checksum": "e5ab783c3f198af04a3236e5fa435e9d"
        },
        {
          "type": "cssRules",
          "assetId": "WvJy5Ry8nBMv",
          "checksum": "e5ab783c3f198af04a3236e5fa435e9d"
        },
        {
          "type": "renderModule",
          "assetId": "KnmhLqOi2Vfx",
          "checksum": "f76abd9334c61a2a5a20cf1a24b39e73"
        },
        {
          "type": "cssRules",
          "assetId": "KnmhLqOi2Vfx",
          "checksum": "f76abd9334c61a2a5a20cf1a24b39e73"
        },
        {
          "type": "renderModule",
          "assetId": "2sXicHPPoiQW",
          "checksum": "cfab67594bcea1ce38a0b71a3348eb56"
        },
        {
          "type": "cssRules",
          "assetId": "2sXicHPPoiQW",
          "checksum": "cfab67594bcea1ce38a0b71a3348eb56"
        },
        {
          "type": "renderModule",
          "assetId": "h8FqozVztdjo",
          "checksum": "74559cc898cd6793f3341db784fdf739"
        },
        {
          "type": "cssRules",
          "assetId": "h8FqozVztdjo",
          "checksum": "74559cc898cd6793f3341db784fdf739"
        },
        {
          "type": "renderModule",
          "assetId": "srwHD4W5YwAX",
          "checksum": "27bc601e1b70ebaf53cca2d85f63dcc1"
        },
        {
          "type": "cssRules",
          "assetId": "srwHD4W5YwAX",
          "checksum": "27bc601e1b70ebaf53cca2d85f63dcc1"
        },
        {
          "type": "icon",
          "assetId": "LNmYINIKip6P",
          "checksum": "7727bf0c46b8f936a39dd891049dd4f2"
        },
        {
          "type": "icon",
          "assetId": "o48WvI_h-Ebk",
          "checksum": "7c19274aa138411be8eab0ff6eeb986f"
        },
        {
          "type": "image",
          "assetId": "SPcs07zK5piB",
          "checksum": "1e92a93d29ff3524be3678adf675d0cc"
        },
        {
          "type": "image",
          "assetId": "b7JXW9QcsAAl",
          "checksum": "18a8d12f988dd79759ec5fa2d788e448"
        },
        {
          "type": "image",
          "assetId": "yhdtjwJK4MkK",
          "checksum": "c0053940879d4db95eaca6a57c95612f"
        },
        {
          "type": "image",
          "assetId": "XRw5TSldhFS8",
          "checksum": "dec456c65b272a2a8ecd5159245b5d36"
        },
        {
          "type": "image",
          "assetId": "La_PArTcY91O",
          "checksum": "1160e97d8c73696c095bb819795e89d1"
        },
        {
          "type": "image",
          "assetId": "8gLCkQ-gIxVB",
          "checksum": "8feff301b256d5918ce68c99f22d3c0a"
        },
        {
          "type": "image",
          "assetId": "Hg2LBiX9rb99",
          "checksum": "015b084870829fdc94ae8b42d1cb88e8"
        },
        {
          "type": "image",
          "assetId": "0rXuqFU6zsSz",
          "checksum": "8ff8f42297ad19b8ccba850e47e85b3d"
        },
        {
          "type": "image",
          "assetId": "BNQcP1KoY_Lw",
          "checksum": "87734d56a6ce5eb741d7294e13d1783b"
        },
        {
          "type": "image",
          "assetId": "6w8RSHijag2v",
          "checksum": "323b6139fa0036f083f4d1c24bd18d4e"
        },
        {
          "type": "image",
          "assetId": "NRtQNdNtbSql",
          "checksum": "3d065949d19eb65c99fbe536873ef663"
        },
        {
          "type": "image",
          "assetId": "dC3g4qA4Od_I",
          "checksum": "e5c28beaa4ab1f1ae9b7e7cf3a1aaadc"
        },
        {
          "type": "image",
          "assetId": "2uEHk_TvS8gt",
          "checksum": "f6a343b9858458a9660e97a10dd8a137"
        },
        {
          "type": "image",
          "assetId": "kZIvTbFL8O3z",
          "checksum": "d7daa1fb42e32be655a489e0f7d73222"
        },
        {
          "type": "image",
          "assetId": "dZfH9t-HD2jq",
          "checksum": "89f4d730496ada9fce05e4db1fc1baba"
        },
        {
          "type": "image",
          "assetId": "U4yLQ9-A6348",
          "checksum": "199c237b90af2163b3ecf2b011ed6803"
        }
      ],
      "codegenVersion": "0.0.1"
    }
  ],
  "cliVersion": "0.1.334"
}
